
Microsoft Visual Studio Solution File, Format Version 12.00
# Visual Studio Version 17
VisualStudioVersion = 17.4.33213.308
MinimumVisualStudioVersion = 10.0.40219.1
Project("{FAE04EC0-301F-11D3-BF4B-00C04F79EFBC}") = "ECommerce.API", "ECommerce.API\ECommerce.API.csproj", "{8AFB20BA-1311-4DA5-B400-05BCBE5C2DBD}"
EndProject
Project("{FAE04EC0-301F-11D3-BF4B-00C04F79EFBC}") = "ECommerce.DAL", "ECommerce.DAL\ECommerce.DAL.csproj", "{3352DB4E-1021-4BAC-ADE8-9B749A2D6616}"
EndProject
Project("{FAE04EC0-301F-11D3-BF4B-00C04F79EFBC}") = "ECommerce.Models", "ECommerce.Models\ECommerce.Models.csproj", "{80701125-C83D-4934-8A3F-16A672C29E67}"
EndProject
Global
	GlobalSection(SolutionConfigurationPlatforms) = preSolution
		Debug|Any CPU = Debug|Any CPU
		Release|Any CPU = Release|Any CPU
	EndGlobalSection
	GlobalSection(ProjectConfigurationPlatforms) = postSolution
		{8AFB20BA-1311-4DA5-B400-05BCBE5C2DBD}.Debug|Any CPU.ActiveCfg = Debug|Any CPU
		{8AFB20BA-1311-4DA5-B400-05BCBE5C2DBD}.Debug|Any CPU.Build.0 = Debug|Any CPU
		{8AFB20BA-1311-4DA5-B400-05BCBE5C2DBD}.Release|Any CPU.ActiveCfg = Release|Any CPU
		{8AFB20BA-1311-4DA5-B400-05BCBE5C2DBD}.Release|Any CPU.Build.0 = Release|Any CPU
		{3352DB4E-1021-4BAC-ADE8-9B749A2D6616}.Debug|Any CPU.ActiveCfg = Debug|Any CPU
		{3352DB4E-1021-4BAC-ADE8-9B749A2D6616}.Debug|Any CPU.Build.0 = Debug|Any CPU
		{3352DB4E-1021-4BAC-ADE8-9B749A2D6616}.Release|Any CPU.ActiveCfg = Release|Any CPU
		{3352DB4E-1021-4BAC-ADE8-9B749A2D6616}.Release|Any CPU.Build.0 = Release|Any CPU
		{80701125-C83D-4934-8A3F-16A672C29E67}.Debug|Any CPU.ActiveCfg = Debug|Any CPU
		{80701125-C83D-4934-8A3F-16A672C29E67}.Debug|Any CPU.Build.0 = Debug|Any CPU
		{80701125-C83D-4934-8A3F-16A672C29E67}.Release|Any CPU.ActiveCfg = Release|Any CPU
		{80701125-C83D-4934-8A3F-16A672C29E67}.Release|Any CPU.Build.0 = Release|Any CPU
	EndGlobalSection
	GlobalSection(SolutionProperties) = preSolution
		HideSolutionNode = FALSE
	EndGlobalSection
	GlobalSection(ExtensibilityGlobals) = postSolution
		SolutionGuid = {5BA5B1A2-E41B-4AD6-B37A-EACDA2087304}
	EndGlobalSection
EndGlobal
